// !$*UTF8*$!
{
	archiveVersion = 1;
	classes = {
	};
	objectVersion = 50;
	objects = {

/* Begin PBXBuildFile section */
		B911E6A826ED7E4A00D8186E /* AppDelegate.swift in Sources */ = {isa = PBXBuildFile; fileRef = B911E6A726ED7E4A00D8186E /* AppDelegate.swift */; };
		B911E6AA26ED7E4A00D8186E /* SceneDelegate.swift in Sources */ = {isa = PBXBuildFile; fileRef = B911E6A926ED7E4A00D8186E /* SceneDelegate.swift */; };
		B911E6AC26ED7E4A00D8186E /* ViewController.swift in Sources */ = {isa = PBXBuildFile; fileRef = B911E6AB26ED7E4A00D8186E /* ViewController.swift */; };
		B911E6AF26ED7E4A00D8186E /* Main.storyboard in Resources */ = {isa = PBXBuildFile; fileRef = B911E6AD26ED7E4A00D8186E /* Main.storyboard */; };
		B911E6B126ED7E4C00D8186E /* Assets.xcassets in Resources */ = {isa = PBXBuildFile; fileRef = B911E6B026ED7E4C00D8186E /* Assets.xcassets */; };
		B911E6B426ED7E4C00D8186E /* LaunchScreen.storyboard in Resources */ = {isa = PBXBuildFile; fileRef = B911E6B226ED7E4C00D8186E /* LaunchScreen.storyboard */; };
		B911E6BF26ED7E4C00D8186E /* MovieTests.swift in Sources */ = {isa = PBXBuildFile; fileRef = B911E6BE26ED7E4C00D8186E /* MovieTests.swift */; };
		B911E6CA26ED7E4C00D8186E /* MovieUITests.swift in Sources */ = {isa = PBXBuildFile; fileRef = B911E6C926ED7E4C00D8186E /* MovieUITests.swift */; };
/* End PBXBuildFile section */

/* Begin PBXContainerItemProxy section */
		B911E6BB26ED7E4C00D8186E /* PBXContainerItemProxy */ = {
			isa = PBXContainerItemProxy;
			containerPortal = B911E69C26ED7E4A00D8186E /* Project object */;
			proxyType = 1;
			remoteGlobalIDString = B911E6A326ED7E4A00D8186E;
			remoteInfo = Movie;
		};
		B911E6C626ED7E4C00D8186E /* PBXContainerItemProxy */ = {
			isa = PBXContainerItemProxy;
			containerPortal = B911E69C26ED7E4A00D8186E /* Project object */;
			proxyType = 1;
			remoteGlobalIDString = B911E6A326ED7E4A00D8186E;
			remoteInfo = Movie;
		};
/* End PBXContainerItemProxy section */

/* Begin PBXFileReference section */
		B911E6A426ED7E4A00D8186E /* Movie.app */ = {isa = PBXFileReference; explicitFileType = wrapper.application; includeInIndex = 0; path = Movie.app; sourceTree = BUILT_PRODUCTS_DIR; };
		B911E6A726ED7E4A00D8186E /* AppDelegate.swift */ = {isa = PBXFileReference; lastKnownFileType = sourcecode.swift; path = AppDelegate.swift; sourceTree = "<group>"; };
		B911E6A926ED7E4A00D8186E /* SceneDelegate.swift */ = {isa = PBXFileReference; lastKnownFileType = sourcecode.swift; path = SceneDelegate.swift; sourceTree = "<group>"; };
		B911E6AB26ED7E4A00D8186E /* ViewController.swift */ = {isa = PBXFileReference; lastKnownFileType = sourcecode.swift; path = ViewController.swift; sourceTree = "<group>"; };
		B911E6AE26ED7E4A00D8186E /* Base */ = {isa = PBXFileReference; lastKnownFileType = file.storyboard; name = Base; path = Base.lproj/Main.storyboard; sourceTree = "<group>"; };
		B911E6B026ED7E4C00D8186E /* Assets.xcassets */ = {isa = PBXFileReference; lastKnownFileType = folder.assetcatalog; path = Assets.xcassets; sourceTree = "<group>"; };
		B911E6B326ED7E4C00D8186E /* Base */ = {isa = PBXFileReference; lastKnownFileType = file.storyboard; name = Base; path = Base.lproj/LaunchScreen.storyboard; sourceTree = "<group>"; };
		B911E6B526ED7E4C00D8186E /* Info.plist */ = {isa = PBXFileReference; lastKnownFileType = text.plist.xml; path = Info.plist; sourceTree = "<group>"; };
		B911E6BA26ED7E4C00D8186E /* MovieTests.xctest */ = {isa = PBXFileReference; explicitFileType = wrapper.cfbundle; includeInIndex = 0; path = MovieTests.xctest; sourceTree = BUILT_PRODUCTS_DIR; };
		B911E6BE26ED7E4C00D8186E /* MovieTests.swift */ = {isa = PBXFileReference; lastKnownFileType = sourcecode.swift; path = MovieTests.swift; sourceTree = "<group>"; };
		B911E6C026ED7E4C00D8186E /* Info.plist */ = {isa = PBXFileReference; lastKnownFileType = text.plist.xml; path = Info.plist; sourceTree = "<group>"; };
		B911E6C526ED7E4C00D8186E /* MovieUITests.xctest */ = {isa = PBXFileReference; explicitFileType = wrapper.cfbundle; includeInIndex = 0; path = MovieUITests.xctest; sourceTree = BUILT_PRODUCTS_DIR; };
		B911E6C926ED7E4C00D8186E /* MovieUITests.swift */ = {isa = PBXFileReference; lastKnownFileType = sourcecode.swift; path = MovieUITests.swift; sourceTree = "<group>"; };
		B911E6CB26ED7E4C00D8186E /* Info.plist */ = {isa = PBXFileReference; lastKnownFileType = text.plist.xml; path = Info.plist; sourceTree = "<group>"; };
/* End PBXFileReference section */

/* Begin PBXFrameworksBuildPhase section */
		B911E6A126ED7E4A00D8186E /* Frameworks */ = {
			isa = PBXFrameworksBuildPhase;
			buildActionMask = 2147483647;
			files = (
			);
			runOnlyForDeploymentPostprocessing = 0;
		};
		B911E6B726ED7E4C00D8186E /* Frameworks */ = {
			isa = PBXFrameworksBuildPhase;
			buildActionMask = 2147483647;
			files = (
			);
			runOnlyForDeploymentPostprocessing = 0;
		};
		B911E6C226ED7E4C00D8186E /* Frameworks */ = {
			isa = PBXFrameworksBuildPhase;
			buildActionMask = 2147483647;
			files = (
			);
			runOnlyForDeploymentPostprocessing = 0;
		};
/* End PBXFrameworksBuildPhase section */

/* Begin PBXGroup section */
		B911E69B26ED7E4A00D8186E = {
			isa = PBXGroup;
			children = (
				B911E6A626ED7E4A00D8186E /* Movie */,
				B911E6BD26ED7E4C00D8186E /* MovieTests */,
				B911E6C826ED7E4C00D8186E /* MovieUITests */,
				B911E6A526ED7E4A00D8186E /* Products */,
			);
			sourceTree = "<group>";
		};
		B911E6A526ED7E4A00D8186E /* Products */ = {
			isa = PBXGroup;
			children = (
				B911E6A426ED7E4A00D8186E /* Movie.app */,
				B911E6BA26ED7E4C00D8186E /* MovieTests.xctest */,
				B911E6C526ED7E4C00D8186E /* MovieUITests.xctest */,
			);
			name = Products;
			sourceTree = "<group>";
		};
		B911E6A626ED7E4A00D8186E /* Movie */ = {
			isa = PBXGroup;
			children = (
				B911E6A726ED7E4A00D8186E /* AppDelegate.swift */,
				B911E6A926ED7E4A00D8186E /* SceneDelegate.swift */,
				B911E6AB26ED7E4A00D8186E /* ViewController.swift */,
				B911E6AD26ED7E4A00D8186E /* Main.storyboard */,
				B911E6B026ED7E4C00D8186E /* Assets.xcassets */,
				B911E6B226ED7E4C00D8186E /* LaunchScreen.storyboard */,
				B911E6B526ED7E4C00D8186E /* Info.plist */,
			);
			path = Movie;
			sourceTree = "<group>";
		};
		B911E6BD26ED7E4C00D8186E /* MovieTests */ = {
			isa = PBXGroup;
			children = (
				B911E6BE26ED7E4C00D8186E /* MovieTests.swift */,
				B911E6C026ED7E4C00D8186E /* Info.plist */,
			);
			path = MovieTests;
			sourceTree = "<group>";
		};
		B911E6C826ED7E4C00D8186E /* MovieUITests */ = {
			isa = PBXGroup;
			children = (
				B911E6C926ED7E4C00D8186E /* MovieUITests.swift */,
				B911E6CB26ED7E4C00D8186E /* Info.plist */,
			);
			path = MovieUITests;
			sourceTree = "<group>";
		};
/* End PBXGroup section */

/* Begin PBXNativeTarget section */
		B911E6A326ED7E4A00D8186E /* Movie */ = {
			isa = PBXNativeTarget;
			buildConfigurationList = B911E6CE26ED7E4C00D8186E /* Build configuration list for PBXNativeTarget "Movie" */;
			buildPhases = (
				B911E6A026ED7E4A00D8186E /* Sources */,
				B911E6A126ED7E4A00D8186E /* Frameworks */,
				B911E6A226ED7E4A00D8186E /* Resources */,
			);
			buildRules = (
			);
			dependencies = (
			);
			name = Movie;
			productName = Movie;
			productReference = B911E6A426ED7E4A00D8186E /* Movie.app */;
			productType = "com.apple.product-type.application";
		};
		B911E6B926ED7E4C00D8186E /* MovieTests */ = {
			isa = PBXNativeTarget;
			buildConfigurationList = B911E6D126ED7E4C00D8186E /* Build configuration list for PBXNativeTarget "MovieTests" */;
			buildPhases = (
				B911E6B626ED7E4C00D8186E /* Sources */,
				B911E6B726ED7E4C00D8186E /* Frameworks */,
				B911E6B826ED7E4C00D8186E /* Resources */,
			);
			buildRules = (
			);
			dependencies = (
				B911E6BC26ED7E4C00D8186E /* PBXTargetDependency */,
			);
			name = MovieTests;
			productName = MovieTests;
			productReference = B911E6BA26ED7E4C00D8186E /* MovieTests.xctest */;
			productType = "com.apple.product-type.bundle.unit-test";
		};
		B911E6C426ED7E4C00D8186E /* MovieUITests */ = {
			isa = PBXNativeTarget;
			buildConfigurationList = B911E6D426ED7E4C00D8186E /* Build configuration list for PBXNativeTarget "MovieUITests" */;
			buildPhases = (
				B911E6C126ED7E4C00D8186E /* Sources */,
				B911E6C226ED7E4C00D8186E /* Frameworks */,
				B911E6C326ED7E4C00D8186E /* Resources */,
			);
			buildRules = (
			);
			dependencies = (
				B911E6C726ED7E4C00D8186E /* PBXTargetDependency */,
			);
			name = MovieUITests;
			productName = MovieUITests;
			productReference = B911E6C526ED7E4C00D8186E /* MovieUITests.xctest */;
			productType = "com.apple.product-type.bundle.ui-testing";
		};
/* End PBXNativeTarget section */

/* Begin PBXProject section */
		B911E69C26ED7E4A00D8186E /* Project object */ = {
			isa = PBXProject;
			attributes = {
				LastSwiftUpdateCheck = 1250;
				LastUpgradeCheck = 1250;
				TargetAttributes = {
					B911E6A326ED7E4A00D8186E = {
						CreatedOnToolsVersion = 12.5.1;
					};
					B911E6B926ED7E4C00D8186E = {
						CreatedOnToolsVersion = 12.5.1;
						TestTargetID = B911E6A326ED7E4A00D8186E;
					};
					B911E6C426ED7E4C00D8186E = {
						CreatedOnToolsVersion = 12.5.1;
						TestTargetID = B911E6A326ED7E4A00D8186E;
					};
				};
			};
			buildConfigurationList = B911E69F26ED7E4A00D8186E /* Build configuration list for PBXProject "Movie" */;
			compatibilityVersion = "Xcode 9.3";
			developmentRegion = en;
			hasScannedForEncodings = 0;
			knownRegions = (
				en,
				Base,
			);
			mainGroup = B911E69B26ED7E4A00D8186E;
			productRefGroup = B911E6A526ED7E4A00D8186E /* Products */;
			projectDirPath = "";
			projectRoot = "";
			targets = (
				B911E6A326ED7E4A00D8186E /* Movie */,
				B911E6B926ED7E4C00D8186E /* MovieTests */,
				B911E6C426ED7E4C00D8186E /* MovieUITests */,
			);
		};
/* End PBXProject section */

/* Begin PBXResourcesBuildPhase section */
		B911E6A226ED7E4A00D8186E /* Resources */ = {
			isa = PBXResourcesBuildPhase;
			buildActionMask = 2147483647;
			files = (
				B911E6B426ED7E4C00D8186E /* LaunchScreen.storyboard in Resources */,
				B911E6B126ED7E4C00D8186E /* Assets.xcassets in Resources */,
				B911E6AF26ED7E4A00D8186E /* Main.storyboard in Resources */,
			);
			runOnlyForDeploymentPostprocessing = 0;
		};
		B911E6B826ED7E4C00D8186E /* Resources */ = {
			isa = PBXResourcesBuildPhase;
			buildActionMask = 2147483647;
			files = (
			);
			runOnlyForDeploymentPostprocessing = 0;
		};
		B911E6C326ED7E4C00D8186E /* Resources */ = {
			isa = PBXResourcesBuildPhase;
			buildActionMask = 2147483647;
			files = (
			);
			runOnlyForDeploymentPostprocessing = 0;
		};
/* End PBXResourcesBuildPhase section */

/* Begin PBXSourcesBuildPhase section */
		B911E6A026ED7E4A00D8186E /* Sources */ = {
			isa = PBXSourcesBuildPhase;
			buildActionMask = 2147483647;
			files = (
				B911E6AC26ED7E4A00D8186E /* ViewController.swift in Sources */,
				B911E6A826ED7E4A00D8186E /* AppDelegate.swift in Sources */,
				B911E6AA26ED7E4A00D8186E /* SceneDelegate.swift in Sources */,
			);
			runOnlyForDeploymentPostprocessing = 0;
		};
		B911E6B626ED7E4C00D8186E /* Sources */ = {
			isa = PBXSourcesBuildPhase;
			buildActionMask = 2147483647;
			files = (
				B911E6BF26ED7E4C00D8186E /* MovieTests.swift in Sources */,
			);
			runOnlyForDeploymentPostprocessing = 0;
		};
		B911E6C126ED7E4C00D8186E /* Sources */ = {
			isa = PBXSourcesBuildPhase;
			buildActionMask = 2147483647;
			files = (
				B911E6CA26ED7E4C00D8186E /* MovieUITests.swift in Sources */,
			);
			runOnlyForDeploymentPostprocessing = 0;
		};
/* End PBXSourcesBuildPhase section */

/* Begin PBXTargetDependency section */
		B911E6BC26ED7E4C00D8186E /* PBXTargetDependency */ = {
			isa = PBXTargetDependency;
			target = B911E6A326ED7E4A00D8186E /* Movie */;
			targetProxy = B911E6BB26ED7E4C00D8186E /* PBXContainerItemProxy */;
		};
		B911E6C726ED7E4C00D8186E /* PBXTargetDependency */ = {
			isa = PBXTargetDependency;
			target = B911E6A326ED7E4A00D8186E /* Movie */;
			targetProxy = B911E6C626ED7E4C00D8186E /* PBXContainerItemProxy */;
		};
/* End PBXTargetDependency section */

/* Begin PBXVariantGroup section */
		B911E6AD26ED7E4A00D8186E /* Main.storyboard */ = {
			isa = PBXVariantGroup;
			children = (
				B911E6AE26ED7E4A00D8186E /* Base */,
			);
			name = Main.storyboard;
			sourceTree = "<group>";
		};
		B911E6B226ED7E4C00D8186E /* LaunchScreen.storyboard */ = {
			isa = PBXVariantGroup;
			children = (
				B911E6B326ED7E4C00D8186E /* Base */,
			);
			name = LaunchScreen.storyboard;
			sourceTree = "<group>";
		};
/* End PBXVariantGroup section */

/* Begin XCBuildConfiguration section */
		B911E6CC26ED7E4C00D8186E /* Debug */ = {
			isa = XCBuildConfiguration;
			buildSettings = {
				ALWAYS_SEARCH_USER_PATHS = NO;
				CLANG_ANALYZER_NONNULL = YES;
				CLANG_ANALYZER_NUMBER_OBJECT_CONVERSION = YES_AGGRESSIVE;
				CLANG_CXX_LANGUAGE_STANDARD = "gnu++14";
				CLANG_CXX_LIBRARY = "libc++";
				CLANG_ENABLE_MODULES = YES;
				CLANG_ENABLE_OBJC_ARC = YES;
				CLANG_ENABLE_OBJC_WEAK = YES;
				CLANG_WARN_BLOCK_CAPTURE_AUTORELEASING = YES;
				CLANG_WARN_BOOL_CONVERSION = YES;
				CLANG_WARN_COMMA = YES;
				CLANG_WARN_CONSTANT_CONVERSION = YES;
				CLANG_WARN_DEPRECATED_OBJC_IMPLEMENTATIONS = YES;
				CLANG_WARN_DIRECT_OBJC_ISA_USAGE = YES_ERROR;
				CLANG_WARN_DOCUMENTATION_COMMENTS = YES;
				CLANG_WARN_EMPTY_BODY = YES;
				CLANG_WARN_ENUM_CONVERSION = YES;
				CLANG_WARN_INFINITE_RECURSION = YES;
				CLANG_WARN_INT_CONVERSION = YES;
				CLANG_WARN_NON_LITERAL_NULL_CONVERSION = YES;
				CLANG_WARN_OBJC_IMPLICIT_RETAIN_SELF = YES;
				CLANG_WARN_OBJC_LITERAL_CONVERSION = YES;
				CLANG_WARN_OBJC_ROOT_CLASS = YES_ERROR;
				CLANG_WARN_QUOTED_INCLUDE_IN_FRAMEWORK_HEADER = YES;
				CLANG_WARN_RANGE_LOOP_ANALYSIS = YES;
				CLANG_WARN_STRICT_PROTOTYPES = YES;
				CLANG_WARN_SUSPICIOUS_MOVE = YES;
				CLANG_WARN_UNGUARDED_AVAILABILITY = YES_AGGRESSIVE;
				CLANG_WARN_UNREACHABLE_CODE = YES;
				CLANG_WARN__DUPLICATE_METHOD_MATCH = YES;
				COPY_PHASE_STRIP = NO;
				DEBUG_INFORMATION_FORMAT = dwarf;
				ENABLE_STRICT_OBJC_MSGSEND = YES;
				ENABLE_TESTABILITY = YES;
				GCC_C_LANGUAGE_STANDARD = gnu11;
				GCC_DYNAMIC_NO_PIC = NO;
				GCC_NO_COMMON_BLOCKS = YES;
				GCC_OPTIMIZATION_LEVEL = 0;
				GCC_PREPROCESSOR_DEFINITIONS = (
					"DEBUG=1",
					"$(inherited)",
				);
				GCC_WARN_64_TO_32_BIT_CONVERSION = YES;
				GCC_WARN_ABOUT_RETURN_TYPE = YES_ERROR;
				GCC_WARN_UNDECLARED_SELECTOR = YES;
				GCC_WARN_UNINITIALIZED_AUTOS = YES_AGGRESSIVE;
				GCC_WARN_UNUSED_FUNCTION = YES;
				GCC_WARN_UNUSED_VARIABLE = YES;
				IPHONEOS_DEPLOYMENT_TARGET = 14.5;
				MTL_ENABLE_DEBUG_INFO = INCLUDE_SOURCE;
				MTL_FAST_MATH = YES;
				ONLY_ACTIVE_ARCH = YES;
				SDKROOT = iphoneos;
				SWIFT_ACTIVE_COMPILATION_CONDITIONS = DEBUG;
				SWIFT_OPTIMIZATION_LEVEL = "-Onone";
			};
			name = Debug;
		};
		B911E6CD26ED7E4C00D8186E /* Release */ = {
			isa = XCBuildConfiguration;
			buildSettings = {
				ALWAYS_SEARCH_USER_PATHS = NO;
				CLANG_ANALYZER_NONNULL = YES;
				CLANG_ANALYZER_NUMBER_OBJECT_CONVERSION = YES_AGGRESSIVE;
				CLANG_CXX_LANGUAGE_STANDARD = "gnu++14";
				CLANG_CXX_LIBRARY = "libc++";
				CLANG_ENABLE_MODULES = YES;
				CLANG_ENABLE_OBJC_ARC = YES;
				CLANG_ENABLE_OBJC_WEAK = YES;
				CLANG_WARN_BLOCK_CAPTURE_AUTORELEASING = YES;
				CLANG_WARN_BOOL_CONVERSION = YES;
				CLANG_WARN_COMMA = YES;
				CLANG_WARN_CONSTANT_CONVERSION = YES;
				CLANG_WARN_DEPRECATED_OBJC_IMPLEMENTATIONS = YES;
				CLANG_WARN_DIRECT_OBJC_ISA_USAGE = YES_ERROR;
				CLANG_WARN_DOCUMENTATION_COMMENTS = YES;
				CLANG_WARN_EMPTY_BODY = YES;
				CLANG_WARN_ENUM_CONVERSION = YES;
				CLANG_WARN_INFINITE_RECURSION = YES;
				CLANG_WARN_INT_CONVERSION = YES;
				CLANG_WARN_NON_LITERAL_NULL_CONVERSION = YES;
				CLANG_WARN_OBJC_IMPLICIT_RETAIN_SELF = YES;
				CLANG_WARN_OBJC_LITERAL_CONVERSION = YES;
				CLANG_WARN_OBJC_ROOT_CLASS = YES_ERROR;
				CLANG_WARN_QUOTED_INCLUDE_IN_FRAMEWORK_HEADER = YES;
				CLANG_WARN_RANGE_LOOP_ANALYSIS = YES;
				CLANG_WARN_STRICT_PROTOTYPES = YES;
				CLANG_WARN_SUSPICIOUS_MOVE = YES;
				CLANG_WARN_UNGUARDED_AVAILABILITY = YES_AGGRESSIVE;
				CLANG_WARN_UNREACHABLE_CODE = YES;
				CLANG_WARN__DUPLICATE_METHOD_MATCH = YES;
				COPY_PHASE_STRIP = NO;
				DEBUG_INFORMATION_FORMAT = "dwarf-with-dsym";
				ENABLE_NS_ASSERTIONS = NO;
				ENABLE_STRICT_OBJC_MSGSEND = YES;
				GCC_C_LANGUAGE_STANDARD = gnu11;
				GCC_NO_COMMON_BLOCKS = YES;
				GCC_WARN_64_TO_32_BIT_CONVERSION = YES;
				GCC_WARN_ABOUT_RETURN_TYPE = YES_ERROR;
				GCC_WARN_UNDECLARED_SELECTOR = YES;
				GCC_WARN_UNINITIALIZED_AUTOS = YES_AGGRESSIVE;
				GCC_WARN_UNUSED_FUNCTION = YES;
				GCC_WARN_UNUSED_VARIABLE = YES;
				IPHONEOS_DEPLOYMENT_TARGET = 14.5;
				MTL_ENABLE_DEBUG_INFO = NO;
				MTL_FAST_MATH = YES;
				SDKROOT = iphoneos;
				SWIFT_COMPILATION_MODE = wholemodule;
				SWIFT_OPTIMIZATION_LEVEL = "-O";
				VALIDATE_PRODUCT = YES;
			};
			name = Release;
		};
		B911E6CF26ED7E4C00D8186E /* Debug */ = {
			isa = XCBuildConfiguration;
			buildSettings = {
				ASSETCATALOG_COMPILER_APPICON_NAME = AppIcon;
				ASSETCATALOG_COMPILER_GLOBAL_ACCENT_COLOR_NAME = AccentColor;
				CODE_SIGN_STYLE = Automatic;
				INFOPLIST_FILE = Movie/Info.plist;
				LD_RUNPATH_SEARCH_PATHS = (
					"$(inherited)",
					"@executable_path/Frameworks",
				);
				PRODUCT_BUNDLE_IDENTIFIER = codec.Movie;
				PRODUCT_NAME = "$(TARGET_NAME)";
				SWIFT_VERSION = 5.0;
				TARGETED_DEVICE_FAMILY = "1,2";
			};
			name = Debug;
		};
		B911E6D026ED7E4C00D8186E /* Release */ = {
			isa = XCBuildConfiguration;
			buildSettings = {
				ASSETCATALOG_COMPILER_APPICON_NAME = AppIcon;
				ASSETCATALOG_COMPILER_GLOBAL_ACCENT_COLOR_NAME = AccentColor;
				CODE_SIGN_STYLE = Automatic;
				INFOPLIST_FILE = Movie/Info.plist;
				LD_RUNPATH_SEARCH_PATHS = (
					"$(inherited)",
					"@executable_path/Frameworks",
				);
				PRODUCT_BUNDLE_IDENTIFIER = codec.Movie;
				PRODUCT_NAME = "$(TARGET_NAME)";
				SWIFT_VERSION = 5.0;
				TARGETED_DEVICE_FAMILY = "1,2";
			};
			name = Release;
		};
		B911E6D226ED7E4C00D8186E /* Debug */ = {
			isa = XCBuildConfiguration;
			buildSettings = {
				ALWAYS_EMBED_SWIFT_STANDARD_LIBRARIES = YES;
				BUNDLE_LOADER = "$(TEST_HOST)";
				CODE_SIGN_STYLE = Automatic;
				INFOPLIST_FILE = MovieTests/Info.plist;
				IPHONEOS_DEPLOYMENT_TARGET = 14.5;
				LD_RUNPATH_SEARCH_PATHS = (
					"$(inherited)",
					"@executable_path/Frameworks",
					"@loader_path/Frameworks",
				);
				PRODUCT_BUNDLE_IDENTIFIER = codec.MovieTests;
				PRODUCT_NAME = "$(TARGET_NAME)";
				SWIFT_VERSION = 5.0;
				TARGETED_DEVICE_FAMILY = "1,2";
				TEST_HOST = "$(BUILT_PRODUCTS_DIR)/Movie.app/Movie";
			};
			name = Debug;
		};
		B911E6D326ED7E4C00D8186E /* Release */ = {
			isa = XCBuildConfiguration;
			buildSettings = {
				ALWAYS_EMBED_SWIFT_STANDARD_LIBRARIES = YES;
				BUNDLE_LOADER = "$(TEST_HOST)";
				CODE_SIGN_STYLE = Automatic;
				INFOPLIST_FILE = MovieTests/Info.plist;
				IPHONEOS_DEPLOYMENT_TARGET = 14.5;
				LD_RUNPATH_SEARCH_PATHS = (
					"$(inherited)",
					"@executable_path/Frameworks",
					"@loader_path/Frameworks",
				);
				PRODUCT_BUNDLE_IDENTIFIER = codec.MovieTests;
				PRODUCT_NAME = "$(TARGET_NAME)";
				SWIFT_VERSION = 5.0;
				TARGETED_DEVICE_FAMILY = "1,2";
				TEST_HOST = "$(BUILT_PRODUCTS_DIR)/Movie.app/Movie";
			};
			name = Release;
		};
		B911E6D526ED7E4C00D8186E /* Debug */ = {
			isa = XCBuildConfiguration;
			buildSettings = {
				ALWAYS_EMBED_SWIFT_STANDARD_LIBRARIES = YES;
				CODE_SIGN_STYLE = Automatic;
				INFOPLIST_FILE = MovieUITests/Info.plist;
				LD_RUNPATH_SEARCH_PATHS = (
					"$(inherited)",
					"@executable_path/Frameworks",
					"@loader_path/Frameworks",
				);
				PRODUCT_BUNDLE_IDENTIFIER = codec.MovieUITests;
				PRODUCT_NAME = "$(TARGET_NAME)";
				SWIFT_VERSION = 5.0;
				TARGETED_DEVICE_FAMILY = "1,2";
				TEST_TARGET_NAME = Movie;
			};
			name = Debug;
		};
		B911E6D626ED7E4C00D8186E /* Release */ = {
			isa = XCBuildConfiguration;
			buildSettings = {
				ALWAYS_EMBED_SWIFT_STANDARD_LIBRARIES = YES;
				CODE_SIGN_STYLE = Automatic;
				INFOPLIST_FILE = MovieUITests/Info.plist;
				LD_RUNPATH_SEARCH_PATHS = (
					"$(inherited)",
					"@executable_path/Frameworks",
					"@loader_path/Frameworks",
				);
				PRODUCT_BUNDLE_IDENTIFIER = codec.MovieUITests;
				PRODUCT_NAME = "$(TARGET_NAME)";
				SWIFT_VERSION = 5.0;
				TARGETED_DEVICE_FAMILY = "1,2";
				TEST_TARGET_NAME = Movie;
			};
			name = Release;
		};
/* End XCBuildConfiguration section */

/* Begin XCConfigurationList section */
		B911E69F26ED7E4A00D8186E /* Build configuration list for PBXProject "Movie" */ = {
			isa = XCConfigurationList;
			buildConfigurations = (
				B911E6CC26ED7E4C00D8186E /* Debug */,
				B911E6CD26ED7E4C00D8186E /* Release */,
			);
			defaultConfigurationIsVisible = 0;
			defaultConfigurationName = Release;
		};
		B911E6CE26ED7E4C00D8186E /* Build configuration list for PBXNativeTarget "Movie" */ = {
			isa = XCConfigurationList;
			buildConfigurations = (
				B911E6CF26ED7E4C00D8186E /* Debug */,
				B911E6D026ED7E4C00D8186E /* Release */,
			);
			defaultConfigurationIsVisible = 0;
			defaultConfigurationName = Release;
		};
		B911E6D126ED7E4C00D8186E /* Build configuration list for PBXNativeTarget "MovieTests" */ = {
			isa = XCConfigurationList;
			buildConfigurations = (
				B911E6D226ED7E4C00D8186E /* Debug */,
				B911E6D326ED7E4C00D8186E /* Release */,
			);
			defaultConfigurationIsVisible = 0;
			defaultConfigurationName = Release;
		};
		B911E6D426ED7E4C00D8186E /* Build configuration list for PBXNativeTarget "MovieUITests" */ = {
			isa = XCConfigurationList;
			buildConfigurations = (
				B911E6D526ED7E4C00D8186E /* Debug */,
				B911E6D626ED7E4C00D8186E /* Release */,
			);
			defaultConfigurationIsVisible = 0;
			defaultConfigurationName = Release;
		};
/* End XCConfigurationList section */
	};
	rootObject = B911E69C26ED7E4A00D8186E /* Project object */;
}
